
Microsoft Visual Studio Solution File, Format Version 12.00
# Visual Studio Version 16
VisualStudioVersion = 16.0.29728.190
MinimumVisualStudioVersion = 10.0.40219.1
Project("{8BC9CEB8-8B4A-11D0-8D11-00A0C91BC942}") = "Lecture01", "Lecture01\Lecture01.vcxproj", "{0422C267-1794-4F7D-84C1-E3CCFFA187F9}"
EndProject
Project("{8BC9CEB8-8B4A-11D0-8D11-00A0C91BC942}") = "Lecture02", "Lecture02\Lecture02.vcxproj", "{6168CFAF-A87E-42D1-B129-874CB9B0FD77}"
EndProject
Project("{8BC9CEB8-8B4A-11D0-8D11-00A0C91BC942}") = "Lecture03", "Lecture03\Lecture03.vcxproj", "{28E3396F-9F55-439D-8CFC-C1C4F1D1AEFA}"
EndProject
Project("{8BC9CEB8-8B4A-11D0-8D11-00A0C91BC942}") = "Lecture04", "Lecture04\Lecture04.vcxproj", "{1F012DD1-9679-4F48-AB27-83DBCB74997F}"
EndProject
Project("{8BC9CEB8-8B4A-11D0-8D11-00A0C91BC942}") = "Lecture05", "Lecture05\Lecture05.vcxproj", "{0CB9F835-F90B-47D0-823E-703F5F23F645}"
EndProject
Project("{8BC9CEB8-8B4A-11D0-8D11-00A0C91BC942}") = "Lecture06", "Lecture06\Lecture06.vcxproj", "{2A4294D1-3AC4-409E-AC72-82230EE46316}"
EndProject
Project("{8BC9CEB8-8B4A-11D0-8D11-00A0C91BC942}") = "Lecture07", "Lecture07\Lecture07.vcxproj", "{A38221E5-6178-4199-A1DB-4F045281350A}"
EndProject
Project("{8BC9CEB8-8B4A-11D0-8D11-00A0C91BC942}") = "Lecture08", "Lecture08\Lecture08.vcxproj", "{17732E1F-618B-4101-97A8-085E74AA86C7}"
EndProject
Project("{8BC9CEB8-8B4A-11D0-8D11-00A0C91BC942}") = "Lecture01_answers", "Lecture01_answers\Lecture01_answers.vcxproj", "{AD77E46E-CC48-4E14-968F-759B9521BC9E}"
EndProject
Project("{8BC9CEB8-8B4A-11D0-8D11-00A0C91BC942}") = "Lecture02_answers", "Lecture02_answers\Lecture02_answers.vcxproj", "{2E37E33A-7AC8-40F3-BA9A-36E9961EADC5}"
EndProject
Project("{8BC9CEB8-8B4A-11D0-8D11-00A0C91BC942}") = "Lecture03_answers", "Lecture03_answers\Lecture03_answers.vcxproj", "{C2F48E44-D4CE-447C-9563-566EBB30A491}"
EndProject
Project("{8BC9CEB8-8B4A-11D0-8D11-00A0C91BC942}") = "Lecture04_answers", "Lecture04_answers\Lecture04_answers.vcxproj", "{1A43EDF8-0F3B-4DEB-BCF4-B49E677C1F46}"
EndProject
Project("{8BC9CEB8-8B4A-11D0-8D11-00A0C91BC942}") = "Lecture05_answers", "Lecture05_answers\Lecture05_answers.vcxproj", "{0B0D47F0-F72C-4693-B554-36D1C82B7FB6}"
EndProject
Project("{8BC9CEB8-8B4A-11D0-8D11-00A0C91BC942}") = "Lecture06_answers", "Lecture06_answers\Lecture06_answers.vcxproj", "{9CDFC82C-F80D-407C-90D3-D23C27F35FF4}"
EndProject
Project("{8BC9CEB8-8B4A-11D0-8D11-00A0C91BC942}") = "PracticeExam", "PracticeExam\PracticeExam.vcxproj", "{B2AF3ADC-3734-4BBE-8017-E47A3DAD9D9D}"
EndProject
Project("{8BC9CEB8-8B4A-11D0-8D11-00A0C91BC942}") = "Lecture07_answers", "Lecture07_answers\Lecture07_answers.vcxproj", "{F4DB68E8-61EC-455F-B957-05EA28337525}"
EndProject
Project("{8BC9CEB8-8B4A-11D0-8D11-00A0C91BC942}") = "Lecture08_answers", "Lecture08_answers\Lecture08_answers.vcxproj", "{CFBBDB2C-4173-448C-8479-49D78DCA9F83}"
EndProject
Project("{8BC9CEB8-8B4A-11D0-8D11-00A0C91BC942}") = "Extra", "Extra\Extra.vcxproj", "{C8004339-A67D-4CEE-99CD-FED3FC0EA018}"
EndProject
Project("{8BC9CEB8-8B4A-11D0-8D11-00A0C91BC942}") = "Exam", "..\..\..\..\Desktop\Exam\Exam.vcxproj", "{34409E28-7024-492D-8463-4861A87D1038}"
EndProject
Global
	GlobalSection(SolutionConfigurationPlatforms) = preSolution
		Debug|x64 = Debug|x64
		Debug|x86 = Debug|x86
		Release|x64 = Release|x64
		Release|x86 = Release|x86
	EndGlobalSection
	GlobalSection(ProjectConfigurationPlatforms) = postSolution
		{0422C267-1794-4F7D-84C1-E3CCFFA187F9}.Debug|x64.ActiveCfg = Debug|x64
		{0422C267-1794-4F7D-84C1-E3CCFFA187F9}.Debug|x64.Build.0 = Debug|x64
		{0422C267-1794-4F7D-84C1-E3CCFFA187F9}.Debug|x86.ActiveCfg = Debug|Win32
		{0422C267-1794-4F7D-84C1-E3CCFFA187F9}.Debug|x86.Build.0 = Debug|Win32
		{0422C267-1794-4F7D-84C1-E3CCFFA187F9}.Release|x64.ActiveCfg = Release|x64
		{0422C267-1794-4F7D-84C1-E3CCFFA187F9}.Release|x64.Build.0 = Release|x64
		{0422C267-1794-4F7D-84C1-E3CCFFA187F9}.Release|x86.ActiveCfg = Release|Win32
		{0422C267-1794-4F7D-84C1-E3CCFFA187F9}.Release|x86.Build.0 = Release|Win32
		{6168CFAF-A87E-42D1-B129-874CB9B0FD77}.Debug|x64.ActiveCfg = Debug|x64
		{6168CFAF-A87E-42D1-B129-874CB9B0FD77}.Debug|x64.Build.0 = Debug|x64
		{6168CFAF-A87E-42D1-B129-874CB9B0FD77}.Debug|x86.ActiveCfg = Debug|Win32
		{6168CFAF-A87E-42D1-B129-874CB9B0FD77}.Debug|x86.Build.0 = Debug|Win32
		{6168CFAF-A87E-42D1-B129-874CB9B0FD77}.Release|x64.ActiveCfg = Release|x64
		{6168CFAF-A87E-42D1-B129-874CB9B0FD77}.Release|x64.Build.0 = Release|x64
		{6168CFAF-A87E-42D1-B129-874CB9B0FD77}.Release|x86.ActiveCfg = Release|Win32
		{6168CFAF-A87E-42D1-B129-874CB9B0FD77}.Release|x86.Build.0 = Release|Win32
		{28E3396F-9F55-439D-8CFC-C1C4F1D1AEFA}.Debug|x64.ActiveCfg = Debug|x64
		{28E3396F-9F55-439D-8CFC-C1C4F1D1AEFA}.Debug|x64.Build.0 = Debug|x64
		{28E3396F-9F55-439D-8CFC-C1C4F1D1AEFA}.Debug|x86.ActiveCfg = Debug|Win32
		{28E3396F-9F55-439D-8CFC-C1C4F1D1AEFA}.Debug|x86.Build.0 = Debug|Win32
		{28E3396F-9F55-439D-8CFC-C1C4F1D1AEFA}.Release|x64.ActiveCfg = Release|x64
		{28E3396F-9F55-439D-8CFC-C1C4F1D1AEFA}.Release|x64.Build.0 = Release|x64
		{28E3396F-9F55-439D-8CFC-C1C4F1D1AEFA}.Release|x86.ActiveCfg = Release|Win32
		{28E3396F-9F55-439D-8CFC-C1C4F1D1AEFA}.Release|x86.Build.0 = Release|Win32
		{1F012DD1-9679-4F48-AB27-83DBCB74997F}.Debug|x64.ActiveCfg = Debug|x64
		{1F012DD1-9679-4F48-AB27-83DBCB74997F}.Debug|x64.Build.0 = Debug|x64
		{1F012DD1-9679-4F48-AB27-83DBCB74997F}.Debug|x86.ActiveCfg = Debug|Win32
		{1F012DD1-9679-4F48-AB27-83DBCB74997F}.Debug|x86.Build.0 = Debug|Win32
		{1F012DD1-9679-4F48-AB27-83DBCB74997F}.Release|x64.ActiveCfg = Release|x64
		{1F012DD1-9679-4F48-AB27-83DBCB74997F}.Release|x64.Build.0 = Release|x64
		{1F012DD1-9679-4F48-AB27-83DBCB74997F}.Release|x86.ActiveCfg = Release|Win32
		{1F012DD1-9679-4F48-AB27-83DBCB74997F}.Release|x86.Build.0 = Release|Win32
		{0CB9F835-F90B-47D0-823E-703F5F23F645}.Debug|x64.ActiveCfg = Debug|x64
		{0CB9F835-F90B-47D0-823E-703F5F23F645}.Debug|x64.Build.0 = Debug|x64
		{0CB9F835-F90B-47D0-823E-703F5F23F645}.Debug|x86.ActiveCfg = Debug|Win32
		{0CB9F835-F90B-47D0-823E-703F5F23F645}.Debug|x86.Build.0 = Debug|Win32
		{0CB9F835-F90B-47D0-823E-703F5F23F645}.Release|x64.ActiveCfg = Release|x64
		{0CB9F835-F90B-47D0-823E-703F5F23F645}.Release|x64.Build.0 = Release|x64
		{0CB9F835-F90B-47D0-823E-703F5F23F645}.Release|x86.ActiveCfg = Release|Win32
		{0CB9F835-F90B-47D0-823E-703F5F23F645}.Release|x86.Build.0 = Release|Win32
		{2A4294D1-3AC4-409E-AC72-82230EE46316}.Debug|x64.ActiveCfg = Debug|x64
		{2A4294D1-3AC4-409E-AC72-82230EE46316}.Debug|x64.Build.0 = Debug|x64
		{2A4294D1-3AC4-409E-AC72-82230EE46316}.Debug|x86.ActiveCfg = Debug|Win32
		{2A4294D1-3AC4-409E-AC72-82230EE46316}.Debug|x86.Build.0 = Debug|Win32
		{2A4294D1-3AC4-409E-AC72-82230EE46316}.Release|x64.ActiveCfg = Release|x64
		{2A4294D1-3AC4-409E-AC72-82230EE46316}.Release|x64.Build.0 = Release|x64
		{2A4294D1-3AC4-409E-AC72-82230EE46316}.Release|x86.ActiveCfg = Release|Win32
		{2A4294D1-3AC4-409E-AC72-82230EE46316}.Release|x86.Build.0 = Release|Win32
		{A38221E5-6178-4199-A1DB-4F045281350A}.Debug|x64.ActiveCfg = Debug|x64
		{A38221E5-6178-4199-A1DB-4F045281350A}.Debug|x64.Build.0 = Debug|x64
		{A38221E5-6178-4199-A1DB-4F045281350A}.Debug|x86.ActiveCfg = Debug|Win32
		{A38221E5-6178-4199-A1DB-4F045281350A}.Debug|x86.Build.0 = Debug|Win32
		{A38221E5-6178-4199-A1DB-4F045281350A}.Release|x64.ActiveCfg = Release|x64
		{A38221E5-6178-4199-A1DB-4F045281350A}.Release|x64.Build.0 = Release|x64
		{A38221E5-6178-4199-A1DB-4F045281350A}.Release|x86.ActiveCfg = Release|Win32
		{A38221E5-6178-4199-A1DB-4F045281350A}.Release|x86.Build.0 = Release|Win32
		{17732E1F-618B-4101-97A8-085E74AA86C7}.Debug|x64.ActiveCfg = Debug|x64
		{17732E1F-618B-4101-97A8-085E74AA86C7}.Debug|x64.Build.0 = Debug|x64
		{17732E1F-618B-4101-97A8-085E74AA86C7}.Debug|x86.ActiveCfg = Debug|Win32
		{17732E1F-618B-4101-97A8-085E74AA86C7}.Debug|x86.Build.0 = Debug|Win32
		{17732E1F-618B-4101-97A8-085E74AA86C7}.Release|x64.ActiveCfg = Release|x64
		{17732E1F-618B-4101-97A8-085E74AA86C7}.Release|x64.Build.0 = Release|x64
		{17732E1F-618B-4101-97A8-085E74AA86C7}.Release|x86.ActiveCfg = Release|Win32
		{17732E1F-618B-4101-97A8-085E74AA86C7}.Release|x86.Build.0 = Release|Win32
		{AD77E46E-CC48-4E14-968F-759B9521BC9E}.Debug|x64.ActiveCfg = Debug|x64
		{AD77E46E-CC48-4E14-968F-759B9521BC9E}.Debug|x64.Build.0 = Debug|x64
		{AD77E46E-CC48-4E14-968F-759B9521BC9E}.Debug|x86.ActiveCfg = Debug|Win32
		{AD77E46E-CC48-4E14-968F-759B9521BC9E}.Debug|x86.Build.0 = Debug|Win32
		{AD77E46E-CC48-4E14-968F-759B9521BC9E}.Release|x64.ActiveCfg = Release|x64
		{AD77E46E-CC48-4E14-968F-759B9521BC9E}.Release|x64.Build.0 = Release|x64
		{AD77E46E-CC48-4E14-968F-759B9521BC9E}.Release|x86.ActiveCfg = Release|Win32
		{AD77E46E-CC48-4E14-968F-759B9521BC9E}.Release|x86.Build.0 = Release|Win32
		{2E37E33A-7AC8-40F3-BA9A-36E9961EADC5}.Debug|x64.ActiveCfg = Debug|x64
		{2E37E33A-7AC8-40F3-BA9A-36E9961EADC5}.Debug|x64.Build.0 = Debug|x64
		{2E37E33A-7AC8-40F3-BA9A-36E9961EADC5}.Debug|x86.ActiveCfg = Debug|Win32
		{2E37E33A-7AC8-40F3-BA9A-36E9961EADC5}.Debug|x86.Build.0 = Debug|Win32
		{2E37E33A-7AC8-40F3-BA9A-36E9961EADC5}.Release|x64.ActiveCfg = Release|x64
		{2E37E33A-7AC8-40F3-BA9A-36E9961EADC5}.Release|x64.Build.0 = Release|x64
		{2E37E33A-7AC8-40F3-BA9A-36E9961EADC5}.Release|x86.ActiveCfg = Release|Win32
		{2E37E33A-7AC8-40F3-BA9A-36E9961EADC5}.Release|x86.Build.0 = Release|Win32
		{C2F48E44-D4CE-447C-9563-566EBB30A491}.Debug|x64.ActiveCfg = Debug|x64
		{C2F48E44-D4CE-447C-9563-566EBB30A491}.Debug|x64.Build.0 = Debug|x64
		{C2F48E44-D4CE-447C-9563-566EBB30A491}.Debug|x86.ActiveCfg = Debug|Win32
		{C2F48E44-D4CE-447C-9563-566EBB30A491}.Debug|x86.Build.0 = Debug|Win32
		{C2F48E44-D4CE-447C-9563-566EBB30A491}.Release|x64.ActiveCfg = Release|x64
		{C2F48E44-D4CE-447C-9563-566EBB30A491}.Release|x64.Build.0 = Release|x64
		{C2F48E44-D4CE-447C-9563-566EBB30A491}.Release|x86.ActiveCfg = Release|Win32
		{C2F48E44-D4CE-447C-9563-566EBB30A491}.Release|x86.Build.0 = Release|Win32
		{1A43EDF8-0F3B-4DEB-BCF4-B49E677C1F46}.Debug|x64.ActiveCfg = Debug|x64
		{1A43EDF8-0F3B-4DEB-BCF4-B49E677C1F46}.Debug|x64.Build.0 = Debug|x64
		{1A43EDF8-0F3B-4DEB-BCF4-B49E677C1F46}.Debug|x86.ActiveCfg = Debug|Win32
		{1A43EDF8-0F3B-4DEB-BCF4-B49E677C1F46}.Debug|x86.Build.0 = Debug|Win32
		{1A43EDF8-0F3B-4DEB-BCF4-B49E677C1F46}.Release|x64.ActiveCfg = Release|x64
		{1A43EDF8-0F3B-4DEB-BCF4-B49E677C1F46}.Release|x64.Build.0 = Release|x64
		{1A43EDF8-0F3B-4DEB-BCF4-B49E677C1F46}.Release|x86.ActiveCfg = Release|Win32
		{1A43EDF8-0F3B-4DEB-BCF4-B49E677C1F46}.Release|x86.Build.0 = Release|Win32
		{0B0D47F0-F72C-4693-B554-36D1C82B7FB6}.Debug|x64.ActiveCfg = Debug|x64
		{0B0D47F0-F72C-4693-B554-36D1C82B7FB6}.Debug|x64.Build.0 = Debug|x64
		{0B0D47F0-F72C-4693-B554-36D1C82B7FB6}.Debug|x86.ActiveCfg = Debug|Win32
		{0B0D47F0-F72C-4693-B554-36D1C82B7FB6}.Debug|x86.Build.0 = Debug|Win32
		{0B0D47F0-F72C-4693-B554-36D1C82B7FB6}.Release|x64.ActiveCfg = Release|x64
		{0B0D47F0-F72C-4693-B554-36D1C82B7FB6}.Release|x64.Build.0 = Release|x64
		{0B0D47F0-F72C-4693-B554-36D1C82B7FB6}.Release|x86.ActiveCfg = Release|Win32
		{0B0D47F0-F72C-4693-B554-36D1C82B7FB6}.Release|x86.Build.0 = Release|Win32
		{9CDFC82C-F80D-407C-90D3-D23C27F35FF4}.Debug|x64.ActiveCfg = Debug|x64
		{9CDFC82C-F80D-407C-90D3-D23C27F35FF4}.Debug|x64.Build.0 = Debug|x64
		{9CDFC82C-F80D-407C-90D3-D23C27F35FF4}.Debug|x86.ActiveCfg = Debug|Win32
		{9CDFC82C-F80D-407C-90D3-D23C27F35FF4}.Debug|x86.Build.0 = Debug|Win32
		{9CDFC82C-F80D-407C-90D3-D23C27F35FF4}.Release|x64.ActiveCfg = Release|x64
		{9CDFC82C-F80D-407C-90D3-D23C27F35FF4}.Release|x64.Build.0 = Release|x64
		{9CDFC82C-F80D-407C-90D3-D23C27F35FF4}.Release|x86.ActiveCfg = Release|Win32
		{9CDFC82C-F80D-407C-90D3-D23C27F35FF4}.Release|x86.Build.0 = Release|Win32
		{B2AF3ADC-3734-4BBE-8017-E47A3DAD9D9D}.Debug|x64.ActiveCfg = Debug|x64
		{B2AF3ADC-3734-4BBE-8017-E47A3DAD9D9D}.Debug|x64.Build.0 = Debug|x64
		{B2AF3ADC-3734-4BBE-8017-E47A3DAD9D9D}.Debug|x86.ActiveCfg = Debug|Win32
		{B2AF3ADC-3734-4BBE-8017-E47A3DAD9D9D}.Debug|x86.Build.0 = Debug|Win32
		{B2AF3ADC-3734-4BBE-8017-E47A3DAD9D9D}.Release|x64.ActiveCfg = Release|x64
		{B2AF3ADC-3734-4BBE-8017-E47A3DAD9D9D}.Release|x64.Build.0 = Release|x64
		{B2AF3ADC-3734-4BBE-8017-E47A3DAD9D9D}.Release|x86.ActiveCfg = Release|Win32
		{B2AF3ADC-3734-4BBE-8017-E47A3DAD9D9D}.Release|x86.Build.0 = Release|Win32
		{F4DB68E8-61EC-455F-B957-05EA28337525}.Debug|x64.ActiveCfg = Debug|x64
		{F4DB68E8-61EC-455F-B957-05EA28337525}.Debug|x64.Build.0 = Debug|x64
		{F4DB68E8-61EC-455F-B957-05EA28337525}.Debug|x86.ActiveCfg = Debug|Win32
		{F4DB68E8-61EC-455F-B957-05EA28337525}.Debug|x86.Build.0 = Debug|Win32
		{F4DB68E8-61EC-455F-B957-05EA28337525}.Release|x64.ActiveCfg = Release|x64
		{F4DB68E8-61EC-455F-B957-05EA28337525}.Release|x64.Build.0 = Release|x64
		{F4DB68E8-61EC-455F-B957-05EA28337525}.Release|x86.ActiveCfg = Release|Win32
		{F4DB68E8-61EC-455F-B957-05EA28337525}.Release|x86.Build.0 = Release|Win32
		{CFBBDB2C-4173-448C-8479-49D78DCA9F83}.Debug|x64.ActiveCfg = Debug|x64
		{CFBBDB2C-4173-448C-8479-49D78DCA9F83}.Debug|x64.Build.0 = Debug|x64
		{CFBBDB2C-4173-448C-8479-49D78DCA9F83}.Debug|x86.ActiveCfg = Debug|Win32
		{CFBBDB2C-4173-448C-8479-49D78DCA9F83}.Debug|x86.Build.0 = Debug|Win32
		{CFBBDB2C-4173-448C-8479-49D78DCA9F83}.Release|x64.ActiveCfg = Release|x64
		{CFBBDB2C-4173-448C-8479-49D78DCA9F83}.Release|x64.Build.0 = Release|x64
		{CFBBDB2C-4173-448C-8479-49D78DCA9F83}.Release|x86.ActiveCfg = Release|Win32
		{CFBBDB2C-4173-448C-8479-49D78DCA9F83}.Release|x86.Build.0 = Release|Win32
		{C8004339-A67D-4CEE-99CD-FED3FC0EA018}.Debug|x64.ActiveCfg = Debug|x64
		{C8004339-A67D-4CEE-99CD-FED3FC0EA018}.Debug|x64.Build.0 = Debug|x64
		{C8004339-A67D-4CEE-99CD-FED3FC0EA018}.Debug|x86.ActiveCfg = Debug|Win32
		{C8004339-A67D-4CEE-99CD-FED3FC0EA018}.Debug|x86.Build.0 = Debug|Win32
		{C8004339-A67D-4CEE-99CD-FED3FC0EA018}.Release|x64.ActiveCfg = Release|x64
		{C8004339-A67D-4CEE-99CD-FED3FC0EA018}.Release|x64.Build.0 = Release|x64
		{C8004339-A67D-4CEE-99CD-FED3FC0EA018}.Release|x86.ActiveCfg = Release|Win32
		{C8004339-A67D-4CEE-99CD-FED3FC0EA018}.Release|x86.Build.0 = Release|Win32
		{34409E28-7024-492D-8463-4861A87D1038}.Debug|x64.ActiveCfg = Debug|x64
		{34409E28-7024-492D-8463-4861A87D1038}.Debug|x64.Build.0 = Debug|x64
		{34409E28-7024-492D-8463-4861A87D1038}.Debug|x86.ActiveCfg = Debug|Win32
		{34409E28-7024-492D-8463-4861A87D1038}.Debug|x86.Build.0 = Debug|Win32
		{34409E28-7024-492D-8463-4861A87D1038}.Release|x64.ActiveCfg = Release|x64
		{34409E28-7024-492D-8463-4861A87D1038}.Release|x64.Build.0 = Release|x64
		{34409E28-7024-492D-8463-4861A87D1038}.Release|x86.ActiveCfg = Release|Win32
		{34409E28-7024-492D-8463-4861A87D1038}.Release|x86.Build.0 = Release|Win32
	EndGlobalSection
	GlobalSection(SolutionProperties) = preSolution
		HideSolutionNode = FALSE
	EndGlobalSection
	GlobalSection(ExtensibilityGlobals) = postSolution
		SolutionGuid = {F63C396E-4FD5-4D84-9B9B-21A1D4C1853B}
	EndGlobalSection
EndGlobal
